{
  "name": "passport-wwpass-oidc",
  "version": "1.0.0",
  "lockfileVersion": 3,
  "requires": true,
  "packages": {
    "": {
      "name": "passport-wwpass-oidc",
      "version": "1.0.0",
      "license": "MIT",
      "dependencies": {
        "passport-openidconnect": "^0.1.1"
      }
    },
    "node_modules/oauth": {
      "version": "0.9.15",
      "resolved": "https://registry.npmjs.org/oauth/-/oauth-0.9.15.tgz",
      "integrity": "sha512-a5ERWK1kh38ExDEfoO6qUHJb32rd7aYmPHuyCu3Fta/cnICvYmgd2uhuKXvPD+PXB+gCEYYEaQdIRAjCOwAKNA=="
    },
    "node_modules/passport-openidconnect": {
      "version": "0.1.1",
      "resolved": "https://registry.npmjs.org/passport-openidconnect/-/passport-openidconnect-0.1.1.tgz",
      "integrity": "sha512-r0QJiWEzwCg2MeCIXVP5G6YxVRqnEsZ2HpgKRthZ9AiQHJrgGUytXpsdcGF9BRwd3yMrEesb/uG/Yxb86rrY0g==",
      "dependencies": {
        "oauth": "0.9.x",
        "passport-strategy": "1.x.x"
      },
      "engines": {
        "node": ">= 0.6.0"
      },
      "funding": {
        "type": "github",
        "url": "https://github.com/sponsors/jaredhanson"
      }
    },
    "node_modules/passport-strategy": {
      "version": "1.0.0",
      "resolved": "https://registry.npmjs.org/passport-strategy/-/passport-strategy-1.0.0.tgz",
      "integrity": "sha512-CB97UUvDKJde2V0KDWWB3lyf6PC3FaZP7YxZ2G8OAtn9p4HI9j9JLP9qjOGZFvyl8uwNT8qM+hGnz/n16NI7oA==",
      "engines": {
        "node": ">= 0.4.0"
      }
    }
  }
}
